
Microsoft Visual Studio Solution File, Format Version 12.00
# Visual Studio Version 16
VisualStudioVersion = 16.0.31911.196
MinimumVisualStudioVersion = 10.0.40219.1
Project("{FAE04EC0-301F-11D3-BF4B-00C04F79EFBC}") = "PrimeiraApp", "PrimeiraApp\PrimeiraApp.csproj", "{6039EA0A-3C76-4D2E-AD40-A8DFF10D15D7}"
EndProject
Global
	GlobalSection(SolutionConfigurationPlatforms) = preSolution
		Debug|Any CPU = Debug|Any CPU
		Release|Any CPU = Release|Any CPU
	EndGlobalSection
	GlobalSection(ProjectConfigurationPlatforms) = postSolution
		{6039EA0A-3C76-4D2E-AD40-A8DFF10D15D7}.Debug|Any CPU.ActiveCfg = Debug|Any CPU
		{6039EA0A-3C76-4D2E-AD40-A8DFF10D15D7}.Debug|Any CPU.Build.0 = Debug|Any CPU
		{6039EA0A-3C76-4D2E-AD40-A8DFF10D15D7}.Release|Any CPU.ActiveCfg = Release|Any CPU
		{6039EA0A-3C76-4D2E-AD40-A8DFF10D15D7}.Release|Any CPU.Build.0 = Release|Any CPU
	EndGlobalSection
	GlobalSection(SolutionProperties) = preSolution
		HideSolutionNode = FALSE
	EndGlobalSection
	GlobalSection(ExtensibilityGlobals) = postSolution
		SolutionGuid = {F59B7A3E-6294-42B2-B0A3-704423CF7FE1}
	EndGlobalSection
EndGlobal
